
Microsoft Visual Studio Solution File, Format Version 12.00
# Visual Studio Version 17
VisualStudioVersion = 17.4.33122.133
MinimumVisualStudioVersion = 10.0.40219.1
Project("{FAE04EC0-301F-11D3-BF4B-00C04F79EFBC}") = "BookApp", "BookApp\BookApp.csproj", "{BBCF6E79-2952-4C95-BD83-73D43C3471A7}"
EndProject
Global
	GlobalSection(SolutionConfigurationPlatforms) = preSolution
		Debug|Any CPU = Debug|Any CPU
		Release|Any CPU = Release|Any CPU
	EndGlobalSection
	GlobalSection(ProjectConfigurationPlatforms) = postSolution
		{BBCF6E79-2952-4C95-BD83-73D43C3471A7}.Debug|Any CPU.ActiveCfg = Debug|Any CPU
		{BBCF6E79-2952-4C95-BD83-73D43C3471A7}.Debug|Any CPU.Build.0 = Debug|Any CPU
		{BBCF6E79-2952-4C95-BD83-73D43C3471A7}.Release|Any CPU.ActiveCfg = Release|Any CPU
		{BBCF6E79-2952-4C95-BD83-73D43C3471A7}.Release|Any CPU.Build.0 = Release|Any CPU
	EndGlobalSection
	GlobalSection(SolutionProperties) = preSolution
		HideSolutionNode = FALSE
	EndGlobalSection
	GlobalSection(ExtensibilityGlobals) = postSolution
		SolutionGuid = {2389D348-FE63-4780-B86F-266D6EBA5593}
	EndGlobalSection
EndGlobal
